
Microsoft Visual Studio Solution File, Format Version 12.00
# Visual Studio Version 17
VisualStudioVersion = 17.11.35312.102
MinimumVisualStudioVersion = 10.0.40219.1
Project("{9A19103F-16F7-4668-BE54-9A1E7A4F7556}") = "ConcertBooking.Entities", "ConcertBooking0.Entities\ConcertBooking.Entities.csproj", "{B6DFA753-8ADF-40AF-9C73-5E796A13FA56}"
EndProject
Project("{9A19103F-16F7-4668-BE54-9A1E7A4F7556}") = "ConcertBooking.Repositories", "ConcertBooking.Repositories\ConcertBooking.Repositories.csproj", "{14A8509F-96BE-4735-9216-1B9B505AF328}"
EndProject
Project("{9A19103F-16F7-4668-BE54-9A1E7A4F7556}") = "ConcertBooking.WebHost", "ConcertBooking.WebHost\ConcertBooking.WebHost.csproj", "{174A58CF-60EC-4540-8CB9-DEDFFB08C534}"
EndProject
Project("{9A19103F-16F7-4668-BE54-9A1E7A4F7556}") = "ConcertBooking.Infrastructure", "ConcertBooking.Infrastructure\ConcertBooking.Infrastructure.csproj", "{6B1B89DB-E7D6-4672-A4E5-D92B811FD9D0}"
EndProject
Global
	GlobalSection(SolutionConfigurationPlatforms) = preSolution
		Debug|Any CPU = Debug|Any CPU
		Release|Any CPU = Release|Any CPU
	EndGlobalSection
	GlobalSection(ProjectConfigurationPlatforms) = postSolution
		{B6DFA753-8ADF-40AF-9C73-5E796A13FA56}.Debug|Any CPU.ActiveCfg = Debug|Any CPU
		{B6DFA753-8ADF-40AF-9C73-5E796A13FA56}.Debug|Any CPU.Build.0 = Debug|Any CPU
		{B6DFA753-8ADF-40AF-9C73-5E796A13FA56}.Release|Any CPU.ActiveCfg = Release|Any CPU
		{B6DFA753-8ADF-40AF-9C73-5E796A13FA56}.Release|Any CPU.Build.0 = Release|Any CPU
		{14A8509F-96BE-4735-9216-1B9B505AF328}.Debug|Any CPU.ActiveCfg = Debug|Any CPU
		{14A8509F-96BE-4735-9216-1B9B505AF328}.Debug|Any CPU.Build.0 = Debug|Any CPU
		{14A8509F-96BE-4735-9216-1B9B505AF328}.Release|Any CPU.ActiveCfg = Release|Any CPU
		{14A8509F-96BE-4735-9216-1B9B505AF328}.Release|Any CPU.Build.0 = Release|Any CPU
		{174A58CF-60EC-4540-8CB9-DEDFFB08C534}.Debug|Any CPU.ActiveCfg = Debug|Any CPU
		{174A58CF-60EC-4540-8CB9-DEDFFB08C534}.Debug|Any CPU.Build.0 = Debug|Any CPU
		{174A58CF-60EC-4540-8CB9-DEDFFB08C534}.Release|Any CPU.ActiveCfg = Release|Any CPU
		{174A58CF-60EC-4540-8CB9-DEDFFB08C534}.Release|Any CPU.Build.0 = Release|Any CPU
		{6B1B89DB-E7D6-4672-A4E5-D92B811FD9D0}.Debug|Any CPU.ActiveCfg = Debug|Any CPU
		{6B1B89DB-E7D6-4672-A4E5-D92B811FD9D0}.Debug|Any CPU.Build.0 = Debug|Any CPU
		{6B1B89DB-E7D6-4672-A4E5-D92B811FD9D0}.Release|Any CPU.ActiveCfg = Release|Any CPU
		{6B1B89DB-E7D6-4672-A4E5-D92B811FD9D0}.Release|Any CPU.Build.0 = Release|Any CPU
	EndGlobalSection
	GlobalSection(SolutionProperties) = preSolution
		HideSolutionNode = FALSE
	EndGlobalSection
	GlobalSection(ExtensibilityGlobals) = postSolution
		SolutionGuid = {54C20EF6-1094-444C-BC75-9B2311FABF82}
	EndGlobalSection
EndGlobal
